{
  "name": "sdusk-testing",
  "version": "1.0.0",
  "lockfileVersion": 1,
  "requires": true,
  "dependencies": {
    "syntax-checker": {
      "version": "0.0.2",
      "resolved": "https://registry.npmjs.org/syntax-checker/-/syntax-checker-0.0.2.tgz",
      "integrity": "sha1-r4m5KZ/1Wy+0Ko0gkXOtZyV2/7k="
    }
  }
}
